
Microsoft Visual Studio Solution File, Format Version 12.00
# Visual Studio Version 17
VisualStudioVersion = 17.13.35931.197 d17.13
MinimumVisualStudioVersion = 10.0.40219.1
Project("{FAE04EC0-301F-11D3-BF4B-00C04F79EFBC}") = "GenerationPassword", "GenerationPassword\GenerationPassword.csproj", "{2F15482F-D1E3-4667-A075-366548830C8A}"
EndProject
Global
	GlobalSection(SolutionConfigurationPlatforms) = preSolution
		Debug|Any CPU = Debug|Any CPU
		Release|Any CPU = Release|Any CPU
	EndGlobalSection
	GlobalSection(ProjectConfigurationPlatforms) = postSolution
		{2F15482F-D1E3-4667-A075-366548830C8A}.Debug|Any CPU.ActiveCfg = Debug|Any CPU
		{2F15482F-D1E3-4667-A075-366548830C8A}.Debug|Any CPU.Build.0 = Debug|Any CPU
		{2F15482F-D1E3-4667-A075-366548830C8A}.Release|Any CPU.ActiveCfg = Release|Any CPU
		{2F15482F-D1E3-4667-A075-366548830C8A}.Release|Any CPU.Build.0 = Release|Any CPU
	EndGlobalSection
	GlobalSection(SolutionProperties) = preSolution
		HideSolutionNode = FALSE
	EndGlobalSection
	GlobalSection(ExtensibilityGlobals) = postSolution
		SolutionGuid = {0A1360A0-91F4-4CF1-84F3-9D74A48BE3CD}
	EndGlobalSection
EndGlobal
